github.com/Hank-Kuo/go-bert-tokenizer v1.0.0 h1:NJPbejkZNjP0ZFci25pYD5jWj1DDHzv30ZQ0p4KSC3U=
github.com/Hank-Kuo/go-bert-tokenizer v1.0.0/go.mod h1:4TYysrVVbvecDe+YdsV+NbdypxCl19gUk6aJmSe2oh4=
github.com/yalue/onnxruntime_go v1.27.0 h1:c1YSgDNtpf0WGtxj3YeRIb8VC5LmM1J+Ve3uHdteC1U=
github.com/yalue/onnxruntime_go v1.27.0/go.mod h1:b4X26A8pekNb1ACJ58wAXgNKeUCGEAQ9dmACut9Sm/4=
golang.org/x/text v0.25.0 h1:qVyWApTSYLk/drJRO5mDlNYskwQznZmkpV2c8q9zls4=
golang.org/x/text v0.25.0/go.mod h1:WEdwpYrmk1qmdHvhkSTNPm3app7v4rsT8F2UD6+VHIA=
